<?xml version="1.0" encoding="utf-8"?>
<Project ToolsVersion="4.0" xmlns="http://schemas.microsoft.com/developer/msbuild/2003">
  <ItemGroup>
    <Filter Include="Source Files">
      <UniqueIdentifier>{4FC737F1-C7A5-4376-A066-2A32D752A2FF}</UniqueIdentifier>
      <Extensions>cpp;c;cc;cxx;c++;cppm;ixx;def;odl;idl;hpj;bat;asm;asmx</Extensions>
    </Filter>
    <Filter Include="Header Files">
      <UniqueIdentifier>{93995380-89BD-4b04-88EB-625FBE52EBFB}</UniqueIdentifier>
      <Extensions>h;hh;hpp;hxx;h++;hm;inl;inc;ipp;xsd</Extensions>
    </Filter>
    <Filter Include="Resource Files">
      <UniqueIdentifier>{67DA6AB6-F800-4c08-8B7A-83BB121AAD01}</UniqueIdentifier>
      <Extensions>rc;ico;cur;bmp;dlg;rc2;rct;bin;rgs;gif;jpg;jpeg;jpe;resx;tiff;tif;png;wav;mfcribbon-ms</Extensions>
    </Filter>
  </ItemGroup>
  <ItemGroup>
    <ClCompile Include="ares\a26\cartridge\cartridge.cpp">
      <Filter>Source Files</Filter>
    </ClCompile>
    <ClCompile Include="ares\a26\controller\controller.cpp">
      <Filter>Source Files</Filter>
    </ClCompile>
    <ClCompile Include="ares\a26\cpu\cpu.cpp">
      <Filter>Source Files</Filter>
    </ClCompile>
    <ClCompile Include="ares\a26\riot\riot.cpp">
      <Filter>Source Files</Filter>
    </ClCompile>
    <ClCompile Include="ares\a26\system\system.cpp">
      <Filter>Source Files</Filter>
    </ClCompile>
    <ClCompile Include="ares\a26\tia\tia.cpp">
      <Filter>Source Files</Filter>
    </ClCompile>
    <ClCompile Include="ares\ares\ares.cpp">
      <Filter>Source Files</Filter>
    </ClCompile>
    <ClCompile Include="ares\ares\memory\fixed-allocator.cpp">
      <Filter>Source Files</Filter>
    </ClCompile>
    <ClCompile Include="ares\component\audio\ay38910\ay38910.cpp">
      <Filter>Source Files</Filter>
    </ClCompile>
    <ClCompile Include="ares\component\audio\msm5205\msm5205.cpp">
      <Filter>Source Files</Filter>
    </ClCompile>
    <ClCompile Include="ares\component\audio\sn76489\sn76489.cpp">
      <Filter>Source Files</Filter>
    </ClCompile>
    <ClCompile Include="ares\component\audio\t6w28\t6w28.cpp">
      <Filter>Source Files</Filter>
    </ClCompile>
    <ClCompile Include="ares\component\audio\ym2149\ym2149.cpp">
      <Filter>Source Files</Filter>
    </ClCompile>
    <ClCompile Include="ares\component\audio\ym2413\ym2413.cpp">
      <Filter>Source Files</Filter>
    </ClCompile>
    <ClCompile Include="ares\component\audio\ym2610\ym2610.cpp">
      <Filter>Source Files</Filter>
    </ClCompile>
    <ClCompile Include="ares\component\audio\ym2612\ym2612.cpp">
      <Filter>Source Files</Filter>
    </ClCompile>
    <ClCompile Include="ares\component\eeprom\m24c\m24c.cpp">
      <Filter>Source Files</Filter>
    </ClCompile>
    <ClCompile Include="ares\component\eeprom\m93lcx6\m93lcx6.cpp">
      <Filter>Source Files</Filter>
    </ClCompile>
    <ClCompile Include="ares\component\processor\arm7tdmi\arm7tdmi.cpp">
      <Filter>Source Files</Filter>
    </ClCompile>
    <ClCompile Include="ares\component\processor\gsu\gsu.cpp">
      <Filter>Source Files</Filter>
    </ClCompile>
    <ClCompile Include="ares\component\processor\hg51b\hg51b.cpp">
      <Filter>Source Files</Filter>
    </ClCompile>
    <ClCompile Include="ares\component\processor\huc6280\huc6280.cpp">
      <Filter>Source Files</Filter>
    </ClCompile>
    <ClCompile Include="ares\component\processor\m68000\m68000.cpp">
      <Filter>Source Files</Filter>
    </ClCompile>
    <ClCompile Include="ares\component\processor\m68hc05\m68hc05.cpp">
      <Filter>Source Files</Filter>
    </ClCompile>
    <ClCompile Include="ares\component\processor\mos6502\mos6502.cpp">
      <Filter>Source Files</Filter>
    </ClCompile>
    <ClCompile Include="ares\component\processor\sh2\sh2.cpp">
      <Filter>Source Files</Filter>
    </ClCompile>
    <ClCompile Include="ares\component\processor\sm5k\sm5k.cpp">
      <Filter>Source Files</Filter>
    </ClCompile>
    <ClCompile Include="ares\component\processor\sm83\sm83.cpp">
      <Filter>Source Files</Filter>
    </ClCompile>
    <ClCompile Include="ares\component\processor\spc700\spc700.cpp">
      <Filter>Source Files</Filter>
    </ClCompile>
    <ClCompile Include="ares\component\processor\ssp1601\ssp1601.cpp">
      <Filter>Source Files</Filter>
    </ClCompile>
    <ClCompile Include="ares\component\processor\tlcs900h\tlcs900h.cpp">
      <Filter>Source Files</Filter>
    </ClCompile>
    <ClCompile Include="ares\component\processor\upd96050\upd96050.cpp">
      <Filter>Source Files</Filter>
    </ClCompile>
    <ClCompile Include="ares\component\processor\v30mz\v30mz.cpp">
      <Filter>Source Files</Filter>
    </ClCompile>
    <ClCompile Include="ares\component\processor\wdc65816\wdc65816.cpp">
      <Filter>Source Files</Filter>
    </ClCompile>
    <ClCompile Include="ares\component\processor\z80\z80.cpp">
      <Filter>Source Files</Filter>
    </ClCompile>
    <ClCompile Include="ares\component\video\tms9918\tms9918.cpp">
      <Filter>Source Files</Filter>
    </ClCompile>
    <ClCompile Include="ares\component\video\v9938\v9938.cpp">
      <Filter>Source Files</Filter>
    </ClCompile>
    <ClCompile Include="ares\cv\cartridge\cartridge.cpp">
      <Filter>Source Files</Filter>
    </ClCompile>
    <ClCompile Include="ares\cv\controller\controller.cpp">
      <Filter>Source Files</Filter>
    </ClCompile>
    <ClCompile Include="ares\cv\cpu\cpu.cpp">
      <Filter>Source Files</Filter>
    </ClCompile>
    <ClCompile Include="ares\cv\psg\psg.cpp">
      <Filter>Source Files</Filter>
    </ClCompile>
    <ClCompile Include="ares\cv\system\system.cpp">
      <Filter>Source Files</Filter>
    </ClCompile>
    <ClCompile Include="ares\cv\vdp\vdp.cpp">
      <Filter>Source Files</Filter>
    </ClCompile>
    <ClCompile Include="ares\fc\apu\apu.cpp">
      <Filter>Source Files</Filter>
    </ClCompile>
    <ClCompile Include="ares\fc\cartridge\cartridge.cpp">
      <Filter>Source Files</Filter>
    </ClCompile>
    <ClCompile Include="ares\fc\controller\controller.cpp">
      <Filter>Source Files</Filter>
    </ClCompile>
    <ClCompile Include="ares\fc\cpu\cpu.cpp">
      <Filter>Source Files</Filter>
    </ClCompile>
    <ClCompile Include="ares\fc\expansion\expansion.cpp">
      <Filter>Source Files</Filter>
    </ClCompile>
    <ClCompile Include="ares\fc\fds\fds.cpp">
      <Filter>Source Files</Filter>
    </ClCompile>
    <ClCompile Include="ares\fc\ppu\ppu.cpp">
      <Filter>Source Files</Filter>
    </ClCompile>
    <ClCompile Include="ares\fc\system\system.cpp">
      <Filter>Source Files</Filter>
    </ClCompile>
    <ClCompile Include="ares\gb\apu\apu.cpp">
      <Filter>Source Files</Filter>
    </ClCompile>
    <ClCompile Include="ares\gb\bus\bus.cpp">
      <Filter>Source Files</Filter>
    </ClCompile>
    <ClCompile Include="ares\gb\cartridge\cartridge.cpp">
      <Filter>Source Files</Filter>
    </ClCompile>
    <ClCompile Include="ares\gb\cpu\cpu.cpp">
      <Filter>Source Files</Filter>
    </ClCompile>
    <ClCompile Include="ares\gb\ppu\ppu.cpp">
      <Filter>Source Files</Filter>
    </ClCompile>
    <ClCompile Include="ares\gb\system\system.cpp">
      <Filter>Source Files</Filter>
    </ClCompile>
    <ClCompile Include="ares\gba\apu\apu.cpp">
      <Filter>Source Files</Filter>
    </ClCompile>
    <ClCompile Include="ares\gba\cartridge\cartridge.cpp">
      <Filter>Source Files</Filter>
    </ClCompile>
    <ClCompile Include="ares\gba\cpu\cpu.cpp">
      <Filter>Source Files</Filter>
    </ClCompile>
    <ClCompile Include="ares\gba\memory\memory.cpp">
      <Filter>Source Files</Filter>
    </ClCompile>
    <ClCompile Include="ares\gba\player\player.cpp">
      <Filter>Source Files</Filter>
    </ClCompile>
    <ClCompile Include="ares\gba\ppu\ppu.cpp">
      <Filter>Source Files</Filter>
    </ClCompile>
    <ClCompile Include="ares\gba\system\system.cpp">
      <Filter>Source Files</Filter>
    </ClCompile>
    <ClCompile Include="ares\md\apu\apu.cpp">
      <Filter>Source Files</Filter>
    </ClCompile>
    <ClCompile Include="ares\md\bus\bus.cpp">
      <Filter>Source Files</Filter>
    </ClCompile>
    <ClCompile Include="ares\md\cartridge\cartridge.cpp">
      <Filter>Source Files</Filter>
    </ClCompile>
    <ClCompile Include="ares\md\controller\controller.cpp">
      <Filter>Source Files</Filter>
    </ClCompile>
    <ClCompile Include="ares\md\cpu\cpu.cpp">
      <Filter>Source Files</Filter>
    </ClCompile>
    <ClCompile Include="ares\md\m32x\m32x.cpp">
      <Filter>Source Files</Filter>
    </ClCompile>
    <ClCompile Include="ares\md\mcd\mcd.cpp">
      <Filter>Source Files</Filter>
    </ClCompile>
    <ClCompile Include="ares\md\opn2\opn2.cpp">
      <Filter>Source Files</Filter>
    </ClCompile>
    <ClCompile Include="ares\md\system\system.cpp">
      <Filter>Source Files</Filter>
    </ClCompile>
    <ClCompile Include="ares\md\vdp\vdp.cpp">
      <Filter>Source Files</Filter>
    </ClCompile>
    <ClCompile Include="ares\ms\cartridge\cartridge.cpp">
      <Filter>Source Files</Filter>
    </ClCompile>
    <ClCompile Include="ares\ms\controller\controller.cpp">
      <Filter>Source Files</Filter>
    </ClCompile>
    <ClCompile Include="ares\ms\cpu\cpu.cpp">
      <Filter>Source Files</Filter>
    </ClCompile>
    <ClCompile Include="ares\ms\expansion\expansion.cpp">
      <Filter>Source Files</Filter>
    </ClCompile>
    <ClCompile Include="ares\ms\opll\opll.cpp">
      <Filter>Source Files</Filter>
    </ClCompile>
    <ClCompile Include="ares\ms\psg\psg.cpp">
      <Filter>Source Files</Filter>
    </ClCompile>
    <ClCompile Include="ares\ms\system\system.cpp">
      <Filter>Source Files</Filter>
    </ClCompile>
    <ClCompile Include="ares\ms\vdp\vdp.cpp">
      <Filter>Source Files</Filter>
    </ClCompile>
    <ClCompile Include="ares\msx\cartridge\cartridge.cpp">
      <Filter>Source Files</Filter>
    </ClCompile>
    <ClCompile Include="ares\msx\controller\controller.cpp">
      <Filter>Source Files</Filter>
    </ClCompile>
    <ClCompile Include="ares\msx\cpu\cpu.cpp">
      <Filter>Source Files</Filter>
    </ClCompile>
    <ClCompile Include="ares\msx\keyboard\keyboard.cpp">
      <Filter>Source Files</Filter>
    </ClCompile>
    <ClCompile Include="ares\msx\psg\psg.cpp">
      <Filter>Source Files</Filter>
    </ClCompile>
    <ClCompile Include="ares\msx\system\system.cpp">
      <Filter>Source Files</Filter>
    </ClCompile>
    <ClCompile Include="ares\msx\vdp\vdp.cpp">
      <Filter>Source Files</Filter>
    </ClCompile>
    <ClCompile Include="ares\n64\ai\ai.cpp">
      <Filter>Source Files</Filter>
    </ClCompile>
    <ClCompile Include="ares\n64\cartridge\cartridge.cpp">
      <Filter>Source Files</Filter>
    </ClCompile>
    <ClCompile Include="ares\n64\cic\cic.cpp">
      <Filter>Source Files</Filter>
    </ClCompile>
    <ClCompile Include="ares\n64\controller\controller.cpp">
      <Filter>Source Files</Filter>
    </ClCompile>
    <ClCompile Include="ares\n64\cpu\cpu.cpp">
      <Filter>Source Files</Filter>
    </ClCompile>
    <ClCompile Include="ares\n64\dd\dd.cpp">
      <Filter>Source Files</Filter>
    </ClCompile>
    <ClCompile Include="ares\n64\memory\memory.cpp">
      <Filter>Source Files</Filter>
    </ClCompile>
    <ClCompile Include="ares\n64\mi\mi.cpp">
      <Filter>Source Files</Filter>
    </ClCompile>
    <ClCompile Include="ares\n64\pi\pi.cpp">
      <Filter>Source Files</Filter>
    </ClCompile>
    <ClCompile Include="ares\n64\pif\pif.cpp">
      <Filter>Source Files</Filter>
    </ClCompile>
    <ClCompile Include="ares\n64\rdp\rdp.cpp">
      <Filter>Source Files</Filter>
    </ClCompile>
    <ClCompile Include="ares\n64\rdram\rdram.cpp">
      <Filter>Source Files</Filter>
    </ClCompile>
    <ClCompile Include="ares\n64\ri\ri.cpp">
      <Filter>Source Files</Filter>
    </ClCompile>
    <ClCompile Include="ares\n64\rsp\rsp.cpp">
      <Filter>Source Files</Filter>
    </ClCompile>
    <ClCompile Include="ares\n64\si\si.cpp">
      <Filter>Source Files</Filter>
    </ClCompile>
    <ClCompile Include="ares\n64\system\system.cpp">
      <Filter>Source Files</Filter>
    </ClCompile>
    <ClCompile Include="ares\n64\vi\vi.cpp">
      <Filter>Source Files</Filter>
    </ClCompile>
    <ClCompile Include="ares\n64\vulkan\parallel-rdp\parallel-rdp\command_ring.cpp">
      <Filter>Source Files</Filter>
    </ClCompile>
    <ClCompile Include="ares\n64\vulkan\parallel-rdp\parallel-rdp\rdp_device.cpp">
      <Filter>Source Files</Filter>
    </ClCompile>
    <ClCompile Include="ares\n64\vulkan\parallel-rdp\parallel-rdp\rdp_dump_write.cpp">
      <Filter>Source Files</Filter>
    </ClCompile>
    <ClCompile Include="ares\n64\vulkan\parallel-rdp\parallel-rdp\rdp_renderer.cpp">
      <Filter>Source Files</Filter>
    </ClCompile>
    <ClCompile Include="ares\n64\vulkan\parallel-rdp\parallel-rdp\video_interface.cpp">
      <Filter>Source Files</Filter>
    </ClCompile>
    <ClCompile Include="ares\n64\vulkan\parallel-rdp\util\aligned_alloc.cpp">
      <Filter>Source Files</Filter>
    </ClCompile>
    <ClCompile Include="ares\n64\vulkan\parallel-rdp\util\arena_allocator.cpp">
      <Filter>Source Files</Filter>
    </ClCompile>
    <ClCompile Include="ares\n64\vulkan\parallel-rdp\util\logging.cpp">
      <Filter>Source Files</Filter>
    </ClCompile>
    <ClCompile Include="ares\n64\vulkan\parallel-rdp\util\thread_id.cpp">
      <Filter>Source Files</Filter>
    </ClCompile>
    <ClCompile Include="ares\n64\vulkan\parallel-rdp\util\thread_name.cpp">
      <Filter>Source Files</Filter>
    </ClCompile>
    <ClCompile Include="ares\n64\vulkan\parallel-rdp\util\timeline_trace_file.cpp">
      <Filter>Source Files</Filter>
    </ClCompile>
    <ClCompile Include="ares\n64\vulkan\parallel-rdp\util\timer.cpp">
      <Filter>Source Files</Filter>
    </ClCompile>
    <ClCompile Include="ares\n64\vulkan\parallel-rdp\volk\volk.c">
      <Filter>Source Files</Filter>
    </ClCompile>
    <ClCompile Include="ares\n64\vulkan\parallel-rdp\vulkan\buffer_pool.cpp">
      <Filter>Source Files</Filter>
    </ClCompile>
    <ClCompile Include="ares\n64\vulkan\parallel-rdp\vulkan\buffer.cpp">
      <Filter>Source Files</Filter>
    </ClCompile>
    <ClCompile Include="ares\n64\vulkan\parallel-rdp\vulkan\command_buffer.cpp">
      <Filter>Source Files</Filter>
    </ClCompile>
    <ClCompile Include="ares\n64\vulkan\parallel-rdp\vulkan\command_pool.cpp">
      <Filter>Source Files</Filter>
    </ClCompile>
    <ClCompile Include="ares\n64\vulkan\parallel-rdp\vulkan\context.cpp">
      <Filter>Source Files</Filter>
    </ClCompile>
    <ClCompile Include="ares\n64\vulkan\parallel-rdp\vulkan\cookie.cpp">
      <Filter>Source Files</Filter>
    </ClCompile>
    <ClCompile Include="ares\n64\vulkan\parallel-rdp\vulkan\descriptor_set.cpp">
      <Filter>Source Files</Filter>
    </ClCompile>
    <ClCompile Include="ares\n64\vulkan\parallel-rdp\vulkan\device.cpp">
      <Filter>Source Files</Filter>
    </ClCompile>
    <ClCompile Include="ares\n64\vulkan\parallel-rdp\vulkan\event_manager.cpp">
      <Filter>Source Files</Filter>
    </ClCompile>
    <ClCompile Include="ares\n64\vulkan\parallel-rdp\vulkan\fence_manager.cpp">
      <Filter>Source Files</Filter>
    </ClCompile>
    <ClCompile Include="ares\n64\vulkan\parallel-rdp\vulkan\fence.cpp">
      <Filter>Source Files</Filter>
    </ClCompile>
    <ClCompile Include="ares\n64\vulkan\parallel-rdp\vulkan\image.cpp">
      <Filter>Source Files</Filter>
    </ClCompile>
    <ClCompile Include="ares\n64\vulkan\parallel-rdp\vulkan\memory_allocator.cpp">
      <Filter>Source Files</Filter>
    </ClCompile>
    <ClCompile Include="ares\n64\vulkan\parallel-rdp\vulkan\pipeline_event.cpp">
      <Filter>Source Files</Filter>
    </ClCompile>
    <ClCompile Include="ares\n64\vulkan\parallel-rdp\vulkan\query_pool.cpp">
      <Filter>Source Files</Filter>
    </ClCompile>
    <ClCompile Include="ares\n64\vulkan\parallel-rdp\vulkan\render_pass.cpp">
      <Filter>Source Files</Filter>
    </ClCompile>
    <ClCompile Include="ares\n64\vulkan\parallel-rdp\vulkan\sampler.cpp">
      <Filter>Source Files</Filter>
    </ClCompile>
    <ClCompile Include="ares\n64\vulkan\parallel-rdp\vulkan\semaphore_manager.cpp">
      <Filter>Source Files</Filter>
    </ClCompile>
    <ClCompile Include="ares\n64\vulkan\parallel-rdp\vulkan\semaphore.cpp">
      <Filter>Source Files</Filter>
    </ClCompile>
    <ClCompile Include="ares\n64\vulkan\parallel-rdp\vulkan\shader.cpp">
      <Filter>Source Files</Filter>
    </ClCompile>
    <ClCompile Include="ares\n64\vulkan\parallel-rdp\vulkan\texture_format.cpp">
      <Filter>Source Files</Filter>
    </ClCompile>
    <ClCompile Include="ares\n64\vulkan\vulkan.cpp">
      <Filter>Source Files</Filter>
    </ClCompile>
    <ClCompile Include="ares\ng\apu\apu.cpp">
      <Filter>Source Files</Filter>
    </ClCompile>
    <ClCompile Include="ares\ng\card\card.cpp">
      <Filter>Source Files</Filter>
    </ClCompile>
    <ClCompile Include="ares\ng\cartridge\cartridge.cpp">
      <Filter>Source Files</Filter>
    </ClCompile>
    <ClCompile Include="ares\ng\controller\controller.cpp">
      <Filter>Source Files</Filter>
    </ClCompile>
    <ClCompile Include="ares\ng\cpu\cpu.cpp">
      <Filter>Source Files</Filter>
    </ClCompile>
    <ClCompile Include="ares\ng\lspc\lspc.cpp">
      <Filter>Source Files</Filter>
    </ClCompile>
    <ClCompile Include="ares\ng\opnb\opnb.cpp">
      <Filter>Source Files</Filter>
    </ClCompile>
    <ClCompile Include="ares\ng\system\system.cpp">
      <Filter>Source Files</Filter>
    </ClCompile>
    <ClCompile Include="ares\ngp\apu\apu.cpp">
      <Filter>Source Files</Filter>
    </ClCompile>
    <ClCompile Include="ares\ngp\cartridge\cartridge.cpp">
      <Filter>Source Files</Filter>
    </ClCompile>
    <ClCompile Include="ares\ngp\cpu\cpu.cpp">
      <Filter>Source Files</Filter>
    </ClCompile>
    <ClCompile Include="ares\ngp\kge\kge.cpp">
      <Filter>Source Files</Filter>
    </ClCompile>
    <ClCompile Include="ares\ngp\psg\psg.cpp">
      <Filter>Source Files</Filter>
    </ClCompile>
    <ClCompile Include="ares\ngp\system\system.cpp">
      <Filter>Source Files</Filter>
    </ClCompile>
    <ClCompile Include="ares\pce\cartridge\cartridge.cpp">
      <Filter>Source Files</Filter>
    </ClCompile>
    <ClCompile Include="ares\pce\controller\controller.cpp">
      <Filter>Source Files</Filter>
    </ClCompile>
    <ClCompile Include="ares\pce\cpu\cpu.cpp">
      <Filter>Source Files</Filter>
    </ClCompile>
    <ClCompile Include="ares\pce\pcd\pcd.cpp">
      <Filter>Source Files</Filter>
    </ClCompile>
    <ClCompile Include="ares\pce\psg\psg.cpp">
      <Filter>Source Files</Filter>
    </ClCompile>
    <ClCompile Include="ares\pce\system\system.cpp">
      <Filter>Source Files</Filter>
    </ClCompile>
    <ClCompile Include="ares\pce\vdp-performance\vdp.cpp">
      <Filter>Source Files</Filter>
    </ClCompile>
    <ClCompile Include="ares\pce\vdp\vdp.cpp">
      <Filter>Source Files</Filter>
    </ClCompile>
    <ClCompile Include="ares\ps1\cpu\cpu.cpp">
      <Filter>Source Files</Filter>
    </ClCompile>
    <ClCompile Include="ares\ps1\disc\disc.cpp">
      <Filter>Source Files</Filter>
    </ClCompile>
    <ClCompile Include="ares\ps1\dma\dma.cpp">
      <Filter>Source Files</Filter>
    </ClCompile>
    <ClCompile Include="ares\ps1\gpu\gpu.cpp">
      <Filter>Source Files</Filter>
    </ClCompile>
    <ClCompile Include="ares\ps1\interrupt\interrupt.cpp">
      <Filter>Source Files</Filter>
    </ClCompile>
    <ClCompile Include="ares\ps1\mdec\mdec.cpp">
      <Filter>Source Files</Filter>
    </ClCompile>
    <ClCompile Include="ares\ps1\memory\memory.cpp">
      <Filter>Source Files</Filter>
    </ClCompile>
    <ClCompile Include="ares\ps1\peripheral\peripheral.cpp">
      <Filter>Source Files</Filter>
    </ClCompile>
    <ClCompile Include="ares\ps1\spu\spu.cpp">
      <Filter>Source Files</Filter>
    </ClCompile>
    <ClCompile Include="ares\ps1\system\system.cpp">
      <Filter>Source Files</Filter>
    </ClCompile>
    <ClCompile Include="ares\ps1\timer\timer.cpp">
      <Filter>Source Files</Filter>
    </ClCompile>
    <ClCompile Include="ares\sfc\cartridge\cartridge.cpp">
      <Filter>Source Files</Filter>
    </ClCompile>
    <ClCompile Include="ares\sfc\controller\controller.cpp">
      <Filter>Source Files</Filter>
    </ClCompile>
    <ClCompile Include="ares\sfc\coprocessor\coprocessor.cpp">
      <Filter>Source Files</Filter>
    </ClCompile>
    <ClCompile Include="ares\sfc\cpu\cpu.cpp">
      <Filter>Source Files</Filter>
    </ClCompile>
    <ClCompile Include="ares\sfc\dsp\dsp.cpp">
      <Filter>Source Files</Filter>
    </ClCompile>
    <ClCompile Include="ares\sfc\expansion\expansion.cpp">
      <Filter>Source Files</Filter>
    </ClCompile>
    <ClCompile Include="ares\sfc\memory\memory.cpp">
      <Filter>Source Files</Filter>
    </ClCompile>
    <ClCompile Include="ares\sfc\ppu-performance\ppu.cpp">
      <Filter>Source Files</Filter>
    </ClCompile>
    <ClCompile Include="ares\sfc\ppu\ppu.cpp">
      <Filter>Source Files</Filter>
    </ClCompile>
    <ClCompile Include="ares\sfc\slot\slot.cpp">
      <Filter>Source Files</Filter>
    </ClCompile>
    <ClCompile Include="ares\sfc\smp\smp.cpp">
      <Filter>Source Files</Filter>
    </ClCompile>
    <ClCompile Include="ares\sfc\system\system.cpp">
      <Filter>Source Files</Filter>
    </ClCompile>
    <ClCompile Include="ares\sg\cartridge\cartridge.cpp">
      <Filter>Source Files</Filter>
    </ClCompile>
    <ClCompile Include="ares\sg\controller\controller.cpp">
      <Filter>Source Files</Filter>
    </ClCompile>
    <ClCompile Include="ares\sg\cpu\cpu.cpp">
      <Filter>Source Files</Filter>
    </ClCompile>
    <ClCompile Include="ares\sg\psg\psg.cpp">
      <Filter>Source Files</Filter>
    </ClCompile>
    <ClCompile Include="ares\sg\system\system.cpp">
      <Filter>Source Files</Filter>
    </ClCompile>
    <ClCompile Include="ares\sg\vdp\vdp.cpp">
      <Filter>Source Files</Filter>
    </ClCompile>
    <ClCompile Include="ares\spec\cpu\cpu.cpp">
      <Filter>Source Files</Filter>
    </ClCompile>
    <ClCompile Include="ares\spec\expansion\expansion.cpp">
      <Filter>Source Files</Filter>
    </ClCompile>
    <ClCompile Include="ares\spec\keyboard\keyboard.cpp">
      <Filter>Source Files</Filter>
    </ClCompile>
    <ClCompile Include="ares\spec\psg\psg.cpp">
      <Filter>Source Files</Filter>
    </ClCompile>
    <ClCompile Include="ares\spec\system\system.cpp">
      <Filter>Source Files</Filter>
    </ClCompile>
    <ClCompile Include="ares\spec\tape\tape.cpp">
      <Filter>Source Files</Filter>
    </ClCompile>
    <ClCompile Include="ares\spec\ula\ula.cpp">
      <Filter>Source Files</Filter>
    </ClCompile>
    <ClCompile Include="ares\ws\apu\apu.cpp">
      <Filter>Source Files</Filter>
    </ClCompile>
    <ClCompile Include="ares\ws\cartridge\cartridge.cpp">
      <Filter>Source Files</Filter>
    </ClCompile>
    <ClCompile Include="ares\ws\cpu\cpu.cpp">
      <Filter>Source Files</Filter>
    </ClCompile>
    <ClCompile Include="ares\ws\eeprom\eeprom.cpp">
      <Filter>Source Files</Filter>
    </ClCompile>
    <ClCompile Include="ares\ws\memory\memory.cpp">
      <Filter>Source Files</Filter>
    </ClCompile>
    <ClCompile Include="ares\ws\ppu\ppu.cpp">
      <Filter>Source Files</Filter>
    </ClCompile>
    <ClCompile Include="ares\ws\serial\serial.cpp">
      <Filter>Source Files</Filter>
    </ClCompile>
    <ClCompile Include="ares\ws\system\system.cpp">
      <Filter>Source Files</Filter>
    </ClCompile>
    <ClCompile Include="hiro\hiro.cpp">
      <Filter>Source Files</Filter>
    </ClCompile>
    <ClCompile Include="libco\libco.c">
      <Filter>Source Files</Filter>
    </ClCompile>
    <ClCompile Include="mia\mia.cpp">
      <Filter>Source Files</Filter>
    </ClCompile>
    <ClCompile Include="mia\resource\resource.cpp">
      <Filter>Source Files</Filter>
    </ClCompile>
    <ClCompile Include="nall\nall.cpp">
      <Filter>Source Files</Filter>
    </ClCompile>
    <ClCompile Include="ruby\ruby.cpp">
      <Filter>Source Files</Filter>
    </ClCompile>
    <ClCompile Include="thirdparty\libchdr\deps\lzma-19.00\src\Alloc.c">
      <Filter>Source Files</Filter>
    </ClCompile>
    <ClCompile Include="thirdparty\libchdr\deps\lzma-19.00\src\Bra86.c">
      <Filter>Source Files</Filter>
    </ClCompile>
    <ClCompile Include="thirdparty\libchdr\deps\lzma-19.00\src\BraIA64.c">
      <Filter>Source Files</Filter>
    </ClCompile>
    <ClCompile Include="thirdparty\libchdr\deps\lzma-19.00\src\CpuArch.c">
      <Filter>Source Files</Filter>
    </ClCompile>
    <ClCompile Include="thirdparty\libchdr\deps\lzma-19.00\src\Delta.c">
      <Filter>Source Files</Filter>
    </ClCompile>
    <ClCompile Include="thirdparty\libchdr\deps\lzma-19.00\src\LzFind.c">
      <Filter>Source Files</Filter>
    </ClCompile>
    <ClCompile Include="thirdparty\libchdr\deps\lzma-19.00\src\Lzma86Dec.c">
      <Filter>Source Files</Filter>
    </ClCompile>
    <ClCompile Include="thirdparty\libchdr\deps\lzma-19.00\src\LzmaDec.c">
      <Filter>Source Files</Filter>
    </ClCompile>
    <ClCompile Include="thirdparty\libchdr\deps\lzma-19.00\src\LzmaEnc.c">
      <Filter>Source Files</Filter>
    </ClCompile>
    <ClCompile Include="thirdparty\libchdr\deps\lzma-19.00\src\Sort.c">
      <Filter>Source Files</Filter>
    </ClCompile>
    <ClCompile Include="thirdparty\libchdr\deps\zlib-1.2.11\adler32.c">
      <Filter>Source Files</Filter>
    </ClCompile>
    <ClCompile Include="thirdparty\libchdr\deps\zlib-1.2.11\compress.c">
      <Filter>Source Files</Filter>
    </ClCompile>
    <ClCompile Include="thirdparty\libchdr\deps\zlib-1.2.11\crc32.c">
      <Filter>Source Files</Filter>
    </ClCompile>
    <ClCompile Include="thirdparty\libchdr\deps\zlib-1.2.11\deflate.c">
      <Filter>Source Files</Filter>
    </ClCompile>
    <ClCompile Include="thirdparty\libchdr\deps\zlib-1.2.11\infback.c">
      <Filter>Source Files</Filter>
    </ClCompile>
    <ClCompile Include="thirdparty\libchdr\deps\zlib-1.2.11\inffast.c">
      <Filter>Source Files</Filter>
    </ClCompile>
    <ClCompile Include="thirdparty\libchdr\deps\zlib-1.2.11\inflate.c">
      <Filter>Source Files</Filter>
    </ClCompile>
    <ClCompile Include="thirdparty\libchdr\deps\zlib-1.2.11\inftrees.c">
      <Filter>Source Files</Filter>
    </ClCompile>
    <ClCompile Include="thirdparty\libchdr\deps\zlib-1.2.11\trees.c">
      <Filter>Source Files</Filter>
    </ClCompile>
    <ClCompile Include="thirdparty\libchdr\deps\zlib-1.2.11\uncompr.c">
      <Filter>Source Files</Filter>
    </ClCompile>
    <ClCompile Include="thirdparty\libchdr\deps\zlib-1.2.11\zutil.c">
      <Filter>Source Files</Filter>
    </ClCompile>
    <ClCompile Include="thirdparty\libchdr\src\libchdr_bitstream.c">
      <Filter>Source Files</Filter>
    </ClCompile>
    <ClCompile Include="thirdparty\libchdr\src\libchdr_cdrom.c">
      <Filter>Source Files</Filter>
    </ClCompile>
    <ClCompile Include="thirdparty\libchdr\src\libchdr_chd.c">
      <Filter>Source Files</Filter>
    </ClCompile>
    <ClCompile Include="thirdparty\libchdr\src\libchdr_flac.c">
      <Filter>Source Files</Filter>
    </ClCompile>
    <ClCompile Include="thirdparty\libchdr\src\libchdr_huffman.c">
      <Filter>Source Files</Filter>
    </ClCompile>
    <ClCompile Include="thirdparty\mame\emu\emucore.cpp">
      <Filter>Source Files</Filter>
    </ClCompile>
    <ClCompile Include="thirdparty\mame\emu\video\rgbutil.cpp">
      <Filter>Source Files</Filter>
    </ClCompile>
    <ClCompile Include="thirdparty\mame\lib\util\delegate.cpp">
      <Filter>Source Files</Filter>
    </ClCompile>
    <ClCompile Include="thirdparty\mame\lib\util\strformat.cpp">
      <Filter>Source Files</Filter>
    </ClCompile>
    <ClCompile Include="thirdparty\mame\mame\video\n64.cpp">
      <Filter>Source Files</Filter>
    </ClCompile>
    <ClCompile Include="thirdparty\mame\mame\video\pin64.cpp">
      <Filter>Source Files</Filter>
    </ClCompile>
    <ClCompile Include="thirdparty\mame\mame\video\rdpblend.cpp">
      <Filter>Source Files</Filter>
    </ClCompile>
    <ClCompile Include="thirdparty\mame\mame\video\rdptpipe.cpp">
      <Filter>Source Files</Filter>
    </ClCompile>
    <ClCompile Include="thirdparty\mame\osd\osdcore.cpp">
      <Filter>Source Files</Filter>
    </ClCompile>
    <ClCompile Include="thirdparty\mame\osd\osdsync.cpp">
      <Filter>Source Files</Filter>
    </ClCompile>
    <ClCompile Include="thirdparty\sljit\sljit_src\sljitLir.c">
      <Filter>Source Files</Filter>
    </ClCompile>
    <ClCompile Include="thirdparty\sljitAllocator.cpp">
      <Filter>Source Files</Filter>
    </ClCompile>
    <ClCompile Include="desktop-ui\desktop-ui.cpp">
      <Filter>Source Files</Filter>
    </ClCompile>
    <ClCompile Include="desktop-ui\emulator\emulator.cpp">
      <Filter>Source Files</Filter>
    </ClCompile>
    <ClCompile Include="desktop-ui\input\input.cpp">
      <Filter>Source Files</Filter>
    </ClCompile>
    <ClCompile Include="desktop-ui\presentation\presentation.cpp">
      <Filter>Source Files</Filter>
    </ClCompile>
    <ClCompile Include="desktop-ui\program\program.cpp">
      <Filter>Source Files</Filter>
    </ClCompile>
    <ClCompile Include="desktop-ui\resource\resource.cpp">
      <Filter>Source Files</Filter>
    </ClCompile>
    <ClCompile Include="desktop-ui\settings\settings.cpp">
      <Filter>Source Files</Filter>
    </ClCompile>
    <ClCompile Include="desktop-ui\tools\tools.cpp">
      <Filter>Source Files</Filter>
    </ClCompile>
  </ItemGroup>
  <ItemGroup>
    <ResourceCompile Include="desktop-ui\resource\ares.rc">
      <Filter>Resource Files</Filter>
    </ResourceCompile>
  </ItemGroup>
</Project>