
Microsoft Visual Studio Solution File, Format Version 12.00
# Visual Studio Version 17
VisualStudioVersion = 17.4.32912.340
MinimumVisualStudioVersion = 10.0.40219.1
Project("{8BC9CEB8-8B4A-11D0-8D11-00A0C91BC942}") = "librashader-capi-tests", "librashader-capi-tests\librashader-capi-tests.vcxproj", "{0B017393-E288-4467-BEBA-F89F7CD8E5D4}"
EndProject
Project("{8BC9CEB8-8B4A-11D0-8D11-00A0C91BC942}") = "dx11-example", "dx11-example\dx11-example.vcxproj", "{ACDE0543-C068-456D-B4C0-6C5E39296ABB}"
EndProject
Project("{8BC9CEB8-8B4A-11D0-8D11-00A0C91BC942}") = "dx11-example-2", "dx11-example-2\dx11-example-2.vcxproj", "{D67D8561-4D02-430E-8BF7-3715F2456410}"
EndProject
Global
	GlobalSection(SolutionConfigurationPlatforms) = preSolution
		Debug|x64 = Debug|x64
		Debug|x86 = Debug|x86
		Release|x64 = Release|x64
		Release|x86 = Release|x86
	EndGlobalSection
	GlobalSection(ProjectConfigurationPlatforms) = postSolution
		{0B017393-E288-4467-BEBA-F89F7CD8E5D4}.Debug|x64.ActiveCfg = Debug|x64
		{0B017393-E288-4467-BEBA-F89F7CD8E5D4}.Debug|x64.Build.0 = Debug|x64
		{0B017393-E288-4467-BEBA-F89F7CD8E5D4}.Debug|x86.ActiveCfg = Debug|Win32
		{0B017393-E288-4467-BEBA-F89F7CD8E5D4}.Debug|x86.Build.0 = Debug|Win32
		{0B017393-E288-4467-BEBA-F89F7CD8E5D4}.Release|x64.ActiveCfg = Release|x64
		{0B017393-E288-4467-BEBA-F89F7CD8E5D4}.Release|x64.Build.0 = Release|x64
		{0B017393-E288-4467-BEBA-F89F7CD8E5D4}.Release|x86.ActiveCfg = Release|Win32
		{0B017393-E288-4467-BEBA-F89F7CD8E5D4}.Release|x86.Build.0 = Release|Win32
		{ACDE0543-C068-456D-B4C0-6C5E39296ABB}.Debug|x64.ActiveCfg = Debug|x64
		{ACDE0543-C068-456D-B4C0-6C5E39296ABB}.Debug|x64.Build.0 = Debug|x64
		{ACDE0543-C068-456D-B4C0-6C5E39296ABB}.Debug|x86.ActiveCfg = Debug|Win32
		{ACDE0543-C068-456D-B4C0-6C5E39296ABB}.Debug|x86.Build.0 = Debug|Win32
		{ACDE0543-C068-456D-B4C0-6C5E39296ABB}.Release|x64.ActiveCfg = Release|x64
		{ACDE0543-C068-456D-B4C0-6C5E39296ABB}.Release|x64.Build.0 = Release|x64
		{ACDE0543-C068-456D-B4C0-6C5E39296ABB}.Release|x86.ActiveCfg = Release|Win32
		{ACDE0543-C068-456D-B4C0-6C5E39296ABB}.Release|x86.Build.0 = Release|Win32
		{D67D8561-4D02-430E-8BF7-3715F2456410}.Debug|x64.ActiveCfg = Debug|x64
		{D67D8561-4D02-430E-8BF7-3715F2456410}.Debug|x64.Build.0 = Debug|x64
		{D67D8561-4D02-430E-8BF7-3715F2456410}.Debug|x86.ActiveCfg = Debug|Win32
		{D67D8561-4D02-430E-8BF7-3715F2456410}.Debug|x86.Build.0 = Debug|Win32
		{D67D8561-4D02-430E-8BF7-3715F2456410}.Release|x64.ActiveCfg = Release|x64
		{D67D8561-4D02-430E-8BF7-3715F2456410}.Release|x64.Build.0 = Release|x64
		{D67D8561-4D02-430E-8BF7-3715F2456410}.Release|x86.ActiveCfg = Release|Win32
		{D67D8561-4D02-430E-8BF7-3715F2456410}.Release|x86.Build.0 = Release|Win32
	EndGlobalSection
	GlobalSection(SolutionProperties) = preSolution
		HideSolutionNode = FALSE
	EndGlobalSection
	GlobalSection(ExtensibilityGlobals) = postSolution
		SolutionGuid = {0DC01001-8840-4149-9182-F5FD143BF40E}
	EndGlobalSection
EndGlobal
